
Microsoft Visual Studio Solution File, Format Version 12.00
# Visual Studio Version 17
VisualStudioVersion = 17.4.33403.182
MinimumVisualStudioVersion = 10.0.40219.1
Project("{9A19103F-16F7-4668-BE54-9A1E7A4F7556}") = "Journey.WebApi", "Journey.WebApi\Journey.WebApi.csproj", "{145F8690-6034-42EC-87D8-152A2231C7F5}"
EndProject
Project("{9A19103F-16F7-4668-BE54-9A1E7A4F7556}") = "Journey.ApplicationServices", "Journey.ApplicationServices\Journey.ApplicationServices.csproj", "{40716DF4-6198-4318-9C4B-6EFD6DDFF50F}"
EndProject
Project("{9A19103F-16F7-4668-BE54-9A1E7A4F7556}") = "Journey.ApplicationServices.Shared", "Journey.ApplicationServices.Shared\Journey.ApplicationServices.Shared.csproj", "{EDF61314-F5FC-417B-B9DC-FB0693D816F8}"
EndProject
Project("{9A19103F-16F7-4668-BE54-9A1E7A4F7556}") = "Journey.Core", "Journey.Core\Journey.Core.csproj", "{C58A7657-F68B-4AD4-9716-12EC243DD1ED}"
EndProject
Project("{9A19103F-16F7-4668-BE54-9A1E7A4F7556}") = "Journey.DataAccess", "Journey.DataAccess\Journey.DataAccess.csproj", "{F3FB0C53-3C82-43DD-9D99-FA0FCA8E08F1}"
EndProject
Project("{9A19103F-16F7-4668-BE54-9A1E7A4F7556}") = "Journey.UnitTest", "Journey.UnitTest\Journey.UnitTest.csproj", "{6CB7A0AB-10DD-4368-997F-66567EB4FEE2}"
EndProject
Global
	GlobalSection(SolutionConfigurationPlatforms) = preSolution
		Debug|Any CPU = Debug|Any CPU
		Release|Any CPU = Release|Any CPU
	EndGlobalSection
	GlobalSection(ProjectConfigurationPlatforms) = postSolution
		{145F8690-6034-42EC-87D8-152A2231C7F5}.Debug|Any CPU.ActiveCfg = Debug|Any CPU
		{145F8690-6034-42EC-87D8-152A2231C7F5}.Debug|Any CPU.Build.0 = Debug|Any CPU
		{145F8690-6034-42EC-87D8-152A2231C7F5}.Release|Any CPU.ActiveCfg = Release|Any CPU
		{145F8690-6034-42EC-87D8-152A2231C7F5}.Release|Any CPU.Build.0 = Release|Any CPU
		{40716DF4-6198-4318-9C4B-6EFD6DDFF50F}.Debug|Any CPU.ActiveCfg = Debug|Any CPU
		{40716DF4-6198-4318-9C4B-6EFD6DDFF50F}.Debug|Any CPU.Build.0 = Debug|Any CPU
		{40716DF4-6198-4318-9C4B-6EFD6DDFF50F}.Release|Any CPU.ActiveCfg = Release|Any CPU
		{40716DF4-6198-4318-9C4B-6EFD6DDFF50F}.Release|Any CPU.Build.0 = Release|Any CPU
		{EDF61314-F5FC-417B-B9DC-FB0693D816F8}.Debug|Any CPU.ActiveCfg = Debug|Any CPU
		{EDF61314-F5FC-417B-B9DC-FB0693D816F8}.Debug|Any CPU.Build.0 = Debug|Any CPU
		{EDF61314-F5FC-417B-B9DC-FB0693D816F8}.Release|Any CPU.ActiveCfg = Release|Any CPU
		{EDF61314-F5FC-417B-B9DC-FB0693D816F8}.Release|Any CPU.Build.0 = Release|Any CPU
		{C58A7657-F68B-4AD4-9716-12EC243DD1ED}.Debug|Any CPU.ActiveCfg = Debug|Any CPU
		{C58A7657-F68B-4AD4-9716-12EC243DD1ED}.Debug|Any CPU.Build.0 = Debug|Any CPU
		{C58A7657-F68B-4AD4-9716-12EC243DD1ED}.Release|Any CPU.ActiveCfg = Release|Any CPU
		{C58A7657-F68B-4AD4-9716-12EC243DD1ED}.Release|Any CPU.Build.0 = Release|Any CPU
		{F3FB0C53-3C82-43DD-9D99-FA0FCA8E08F1}.Debug|Any CPU.ActiveCfg = Debug|Any CPU
		{F3FB0C53-3C82-43DD-9D99-FA0FCA8E08F1}.Debug|Any CPU.Build.0 = Debug|Any CPU
		{F3FB0C53-3C82-43DD-9D99-FA0FCA8E08F1}.Release|Any CPU.ActiveCfg = Release|Any CPU
		{F3FB0C53-3C82-43DD-9D99-FA0FCA8E08F1}.Release|Any CPU.Build.0 = Release|Any CPU
		{6CB7A0AB-10DD-4368-997F-66567EB4FEE2}.Debug|Any CPU.ActiveCfg = Debug|Any CPU
		{6CB7A0AB-10DD-4368-997F-66567EB4FEE2}.Debug|Any CPU.Build.0 = Debug|Any CPU
		{6CB7A0AB-10DD-4368-997F-66567EB4FEE2}.Release|Any CPU.ActiveCfg = Release|Any CPU
		{6CB7A0AB-10DD-4368-997F-66567EB4FEE2}.Release|Any CPU.Build.0 = Release|Any CPU
	EndGlobalSection
	GlobalSection(SolutionProperties) = preSolution
		HideSolutionNode = FALSE
	EndGlobalSection
	GlobalSection(ExtensibilityGlobals) = postSolution
		SolutionGuid = {364B0FDF-20E9-4362-93F0-ED7376D791B1}
	EndGlobalSection
EndGlobal
